<?xml version="1.0" encoding="utf-8"?>
<Project ToolsVersion="4.0" xmlns="http://schemas.microsoft.com/developer/msbuild/2003">
  <ItemGroup>
    <Filter Include="Source Files">
      <UniqueIdentifier>{4FC737F1-C7A5-4376-A066-2A32D752A2FF}</UniqueIdentifier>
      <Extensions>cpp;c;cc;cxx;c++;cppm;ixx;def;odl;idl;hpj;bat;asm;asmx</Extensions>
    </Filter>
    <Filter Include="Header Files">
      <UniqueIdentifier>{93995380-89BD-4b04-88EB-625FBE52EBFB}</UniqueIdentifier>
      <Extensions>h;hh;hpp;hxx;h++;hm;inl;inc;ipp;xsd</Extensions>
    </Filter>
    <Filter Include="Resource Files">
      <UniqueIdentifier>{67DA6AB6-F800-4c08-8B7A-83BB121AAD01}</UniqueIdentifier>
      <Extensions>rc;ico;cur;bmp;dlg;rc2;rct;bin;rgs;gif;jpg;jpeg;jpe;resx;tiff;tif;png;wav;mfcribbon-ms</Extensions>
    </Filter>
  </ItemGroup>
  <ItemGroup>
    <ClInclude Include="framework.h">
      <Filter>Header Files</Filter>
    </ClInclude>
    <ClInclude Include="Core\core_defines.h">
      <Filter>Header Files</Filter>
    </ClInclude>
    <ClInclude Include="vesper.h">
      <Filter>Header Files</Filter>
    </ClInclude>
    <ClInclude Include="Backend\pipeline.h">
      <Filter>Header Files</Filter>
    </ClInclude>
    <ClInclude Include="Backend\device.h">
      <Filter>Header Files</Filter>
    </ClInclude>
    <ClInclude Include="App\window_handle.h">
      <Filter>Header Files</Filter>
    </ClInclude>
    <ClInclude Include="Backend\swap_chain.h">
      <Filter>Header Files</Filter>
    </ClInclude>
    <ClInclude Include="Core\memory_copy.h">
      <Filter>Header Files</Filter>
    </ClInclude>
    <ClInclude Include="Backend\renderer.h">
      <Filter>Header Files</Filter>
    </ClInclude>
    <ClInclude Include="App\config.h">
      <Filter>Header Files</Filter>
    </ClInclude>
    <ClInclude Include="Systems\master_render_system.h">
      <Filter>Header Files</Filter>
    </ClInclude>
    <ClInclude Include="Systems\game_entity_system.h">
      <Filter>Header Files</Filter>
    </ClInclude>
    <ClInclude Include="Components\graphics_components.h">
      <Filter>Header Files</Filter>
    </ClInclude>
    <ClInclude Include="Backend\model_data.h">
      <Filter>Header Files</Filter>
    </ClInclude>
    <ClInclude Include="Components\object_components.h">
      <Filter>Header Files</Filter>
    </ClInclude>
    <ClInclude Include="Components\camera_components.h">
      <Filter>Header Files</Filter>
    </ClInclude>
    <ClInclude Include="Systems\camera_system.h">
      <Filter>Header Files</Filter>
    </ClInclude>
    <ClInclude Include="Utility\primitive_factory.h">
      <Filter>Header Files</Filter>
    </ClInclude>
    <ClInclude Include="Systems\model_system.h">
      <Filter>Header Files</Filter>
    </ClInclude>
    <ClInclude Include="ThirdParty\TinyObjLoader\mapbox\earcut.hpp">
      <Filter>Header Files</Filter>
    </ClInclude>
    <ClInclude Include="ThirdParty\TinyObjLoader\tiny_obj_loader.h">
      <Filter>Header Files</Filter>
    </ClInclude>
    <ClInclude Include="Utility\obj_loader.h">
      <Filter>Header Files</Filter>
    </ClInclude>
    <ClInclude Include="Utility\hash.h">
      <Filter>Header Files</Filter>
    </ClInclude>
    <ClInclude Include="Backend\buffer.h">
      <Filter>Header Files</Filter>
    </ClInclude>
    <ClInclude Include="App\vesper_app.h">
      <Filter>Header Files</Filter>
    </ClInclude>
    <ClInclude Include="Backend\frame_info.h">
      <Filter>Header Files</Filter>
    </ClInclude>
    <ClInclude Include="Backend\descriptors.h">
      <Filter>Header Files</Filter>
    </ClInclude>
    <ClInclude Include="ECS\ECS\utility.h">
      <Filter>Header Files</Filter>
    </ClInclude>
    <ClInclude Include="ECS\ECS\component_manager.h">
      <Filter>Header Files</Filter>
    </ClInclude>
    <ClInclude Include="ECS\ECS\ecs.h">
      <Filter>Header Files</Filter>
    </ClInclude>
    <ClInclude Include="ECS\ECS\entity.h">
      <Filter>Header Files</Filter>
    </ClInclude>
    <ClInclude Include="ECS\ECS\entity_collector.h">
      <Filter>Header Files</Filter>
    </ClInclude>
    <ClInclude Include="ECS\ECS\entity_manager.h">
      <Filter>Header Files</Filter>
    </ClInclude>
    <ClInclude Include="ECS\ECS\hash.h">
      <Filter>Header Files</Filter>
    </ClInclude>
    <ClInclude Include="ECS\ECS\iterate_entities_with_all.h">
      <Filter>Header Files</Filter>
    </ClInclude>
    <ClInclude Include="ECS\ECS\iterate_entities_with_any.h">
      <Filter>Header Files</Filter>
    </ClInclude>
    <ClInclude Include="ECS\ECS\iterate_entities_with_not.h">
      <Filter>Header Files</Filter>
    </ClInclude>
    <ClInclude Include="ECS\ECS\types.h">
      <Filter>Header Files</Filter>
    </ClInclude>
    <ClInclude Include="ThirdParty\stb\stb_image.h">
      <Filter>Header Files</Filter>
    </ClInclude>
    <ClInclude Include="ThirdParty\stb\stb_image_resize2.h">
      <Filter>Header Files</Filter>
    </ClInclude>
    <ClInclude Include="ThirdParty\stb\stb_image_write.h">
      <Filter>Header Files</Filter>
    </ClInclude>
    <ClInclude Include="ThirdParty\stb\stb_perlin.h">
      <Filter>Header Files</Filter>
    </ClInclude>
    <ClInclude Include="ThirdParty\stb\stb_truetype.h">
      <Filter>Header Files</Filter>
    </ClInclude>
    <ClInclude Include="Utility\logger.h">
      <Filter>Header Files</Filter>
    </ClInclude>
    <ClInclude Include="Systems\material_system.h">
      <Filter>Header Files</Filter>
    </ClInclude>
    <ClInclude Include="App\file_system.h">
      <Filter>Header Files</Filter>
    </ClInclude>
    <ClInclude Include="Systems\base_render_system.h">
      <Filter>Header Files</Filter>
    </ClInclude>
    <ClInclude Include="Systems\brdf_lut_generation_system.h">
      <Filter>Header Files</Filter>
    </ClInclude>
    <ClInclude Include="Backend\offscreen_swap_chain.h">
      <Filter>Header Files</Filter>
    </ClInclude>
    <ClInclude Include="Backend\offscreen_renderer.h">
      <Filter>Header Files</Filter>
    </ClInclude>
    <ClInclude Include="Systems\opaque_render_system.h">
      <Filter>Header Files</Filter>
    </ClInclude>
    <ClInclude Include="Components\pipeline_components.h">
      <Filter>Header Files</Filter>
    </ClInclude>
    <ClInclude Include="Systems\entity_handler_system.h">
      <Filter>Header Files</Filter>
    </ClInclude>
    <ClInclude Include="Systems\texture_system.h">
      <Filter>Header Files</Filter>
    </ClInclude>
    <ClInclude Include="Systems\uniform_buffer.h">
    <ClInclude Include="Systems\skybox_render_system.h">
      <Filter>Header Files</Filter>
    </ClInclude>
      <Filter>Header Files</Filter>
    </ClInclude>
    <ClInclude Include="Systems\hdr_cubemap_generation_system.h">
      <Filter>Header Files</Filter>
    </ClInclude>
    <ClInclude Include="Core\glm_config.h">
      <Filter>Header Files</Filter>
    </ClInclude>
    <ClInclude Include="Systems\transparent_render_system.h">
      <Filter>Header Files</Filter>
    </ClInclude>
  </ItemGroup>
  <ItemGroup>
    <ClCompile Include="Backend\pipeline.cpp">
      <Filter>Source Files</Filter>
    </ClCompile>
    <ClCompile Include="dllmain.cpp">
      <Filter>Source Files</Filter>
    </ClCompile>
    <ClCompile Include="Backend\device.cpp">
      <Filter>Source Files</Filter>
    </ClCompile>
    <ClCompile Include="App\window_handle.cpp">
      <Filter>Source Files</Filter>
    </ClCompile>
    <ClCompile Include="Backend\swap_chain.cpp">
      <Filter>Source Files</Filter>
    </ClCompile>
    <ClCompile Include="Backend\renderer.cpp">
      <Filter>Source Files</Filter>
    </ClCompile>
    <ClCompile Include="Systems\master_render_system.cpp">
      <Filter>Source Files</Filter>
    </ClCompile>
    <ClCompile Include="Systems\game_entity_system.cpp">
      <Filter>Source Files</Filter>
    </ClCompile>
    <ClCompile Include="Backend\model_data.cpp">
      <Filter>Source Files</Filter>
    </ClCompile>
    <ClCompile Include="Systems\camera_system.cpp">
      <Filter>Source Files</Filter>
    </ClCompile>
    <ClCompile Include="Utility\primitive_factory.cpp">
      <Filter>Source Files</Filter>
    </ClCompile>
    <ClCompile Include="Systems\model_system.cpp">
      <Filter>Source Files</Filter>
    </ClCompile>
    <ClCompile Include="Utility\obj_loader.cpp">
      <Filter>Source Files</Filter>
    </ClCompile>
    <ClCompile Include="Backend\buffer.cpp">
      <Filter>Source Files</Filter>
    </ClCompile>
    <ClCompile Include="App\vesper_app.cpp">
      <Filter>Source Files</Filter>
    </ClCompile>
    <ClCompile Include="Backend\descriptors.cpp">
      <Filter>Source Files</Filter>
    </ClCompile>
    <ClCompile Include="ECS\ECS\component_manager.cpp">
      <Filter>Source Files</Filter>
    </ClCompile>
    <ClCompile Include="ECS\ECS\entity_manager.cpp">
      <Filter>Source Files</Filter>
    </ClCompile>
    <ClCompile Include="Utility\stb_loader.cpp">
      <Filter>Source Files</Filter>
    </ClCompile>
    <ClCompile Include="Utility\logger.cpp">
      <Filter>Source Files</Filter>
    </ClCompile>
    <ClCompile Include="Systems\material_system.cpp">
      <Filter>Source Files</Filter>
    </ClCompile>
    <ClCompile Include="App\file_system.cpp">
      <Filter>Source Files</Filter>
    </ClCompile>
    <ClCompile Include="Systems\base_render_system.cpp">
      <Filter>Source Files</Filter>
    </ClCompile>
    <ClCompile Include="Systems\brdf_lut_generation_system.cpp">
      <Filter>Source Files</Filter>
    </ClCompile>
    <ClCompile Include="Backend\offscreen_swap_chain.cpp">
      <Filter>Source Files</Filter>
    </ClCompile>
    <ClCompile Include="Backend\offscreen_renderer.cpp">
      <Filter>Source Files</Filter>
    </ClCompile>
    <ClCompile Include="Systems\opaque_render_system.cpp">
      <Filter>Source Files</Filter>
    </ClCompile>
    <ClCompile Include="Systems\entity_handler_system.cpp">
      <Filter>Source Files</Filter>
    </ClCompile>
    <ClCompile Include="Systems\texture_system.cpp">
      <Filter>Source Files</Filter>
    </ClCompile>
    <ClCompile Include="Systems\hdr_cubemap_generation_system.cpp">
      <Filter>Source Files</Filter>
    </ClCompile>
    <ClCompile Include="Core\vma.cpp">
      <Filter>Source Files</Filter>
    </ClCompile>
    <ClCompile Include="Systems\transparent_render_system.cpp">
    <ClCompile Include="Systems\skybox_render_system.cpp">
      <Filter>Source Files</Filter>
    </ClCompile>
      <Filter>Source Files</Filter>
    </ClCompile>
  </ItemGroup>
  <ItemGroup>
    <None Include="compile_shaders.bat">
      <Filter>Source Files</Filter>
    </None>
    <None Include="copy_assets.bat">
      <Filter>Source Files</Filter>
    </None>
    <None Include="Assets\Shaders\brdf_lut_shader.frag" />
    <None Include="Assets\Shaders\cubemap_shader.vert" />
    <None Include="Assets\Shaders\hdr_cubemap_shader.frag" />
    <None Include="Assets\Shaders\phong_shader.vert" />
    <None Include="Assets\Shaders\fullscreen.vert" />
    <None Include="Assets\Shaders\irradiance_convolution_shader.frag" />
    <None Include="Assets\Shaders\phong_shader.frag" />
    <None Include="Assets\Shaders\pre_filtered_environment_map.frag" />
    <None Include="Assets\Shaders\skybox_shader.frag" />
  </ItemGroup>
  <ItemGroup>
    <Text Include="compile_shaders_config.txt" />
  </ItemGroup>
</Project>